
Microsoft Visual Studio Solution File, Format Version 12.00
# Visual Studio 15
VisualStudioVersion = 15.0.27703.2047
MinimumVisualStudioVersion = 10.0.40219.1
Project("{FAE04EC0-301F-11D3-BF4B-00C04F79EFBC}") = "ConsoleApp", "ConsoleApp.csproj", "{CEE9C195-6E33-4848-B4B6-AE2E6CCF7E50}"
EndProject
Global
	GlobalSection(SolutionConfigurationPlatforms) = preSolution
		Debug|Any CPU = Debug|Any CPU
		Release|Any CPU = Release|Any CPU
	EndGlobalSection
	GlobalSection(ProjectConfigurationPlatforms) = postSolution
		{CEE9C195-6E33-4848-B4B6-AE2E6CCF7E50}.Debug|Any CPU.ActiveCfg = Debug|Any CPU
		{CEE9C195-6E33-4848-B4B6-AE2E6CCF7E50}.Debug|Any CPU.Build.0 = Debug|Any CPU
		{CEE9C195-6E33-4848-B4B6-AE2E6CCF7E50}.Release|Any CPU.ActiveCfg = Release|Any CPU
		{CEE9C195-6E33-4848-B4B6-AE2E6CCF7E50}.Release|Any CPU.Build.0 = Release|Any CPU
	EndGlobalSection
	GlobalSection(SolutionProperties) = preSolution
		HideSolutionNode = FALSE
	EndGlobalSection
	GlobalSection(ExtensibilityGlobals) = postSolution
		SolutionGuid = {15D44846-D602-477A-863E-DBE85C6D075E}
	EndGlobalSection
EndGlobal
